
Microsoft Visual Studio Solution File, Format Version 12.00
# Visual Studio 15
VisualStudioVersion = 15.0.27130.2010
MinimumVisualStudioVersion = 10.0.40219.1
Project("{9A19103F-16F7-4668-BE54-9A1E7A4F7556}") = "MiniCSV", "MiniCSV\MiniCSV.csproj", "{5B123DFF-5C0B-4B43-9CEE-1EFB50E32416}"
EndProject
Project("{9A19103F-16F7-4668-BE54-9A1E7A4F7556}") = "MiniCSV.Tests", "MiniCSV.Tests\MiniCSV.Tests.csproj", "{92571A33-EF0D-4D0E-AE5F-3585232C2013}"
EndProject
Global
	GlobalSection(SolutionConfigurationPlatforms) = preSolution
		Debug|Any CPU = Debug|Any CPU
		Release|Any CPU = Release|Any CPU
	EndGlobalSection
	GlobalSection(ProjectConfigurationPlatforms) = postSolution
		{5B123DFF-5C0B-4B43-9CEE-1EFB50E32416}.Debug|Any CPU.ActiveCfg = Debug|Any CPU
		{5B123DFF-5C0B-4B43-9CEE-1EFB50E32416}.Debug|Any CPU.Build.0 = Debug|Any CPU
		{5B123DFF-5C0B-4B43-9CEE-1EFB50E32416}.Release|Any CPU.ActiveCfg = Release|Any CPU
		{5B123DFF-5C0B-4B43-9CEE-1EFB50E32416}.Release|Any CPU.Build.0 = Release|Any CPU
		{92571A33-EF0D-4D0E-AE5F-3585232C2013}.Debug|Any CPU.ActiveCfg = Debug|Any CPU
		{92571A33-EF0D-4D0E-AE5F-3585232C2013}.Debug|Any CPU.Build.0 = Debug|Any CPU
		{92571A33-EF0D-4D0E-AE5F-3585232C2013}.Release|Any CPU.ActiveCfg = Release|Any CPU
		{92571A33-EF0D-4D0E-AE5F-3585232C2013}.Release|Any CPU.Build.0 = Release|Any CPU
	EndGlobalSection
	GlobalSection(SolutionProperties) = preSolution
		HideSolutionNode = FALSE
	EndGlobalSection
	GlobalSection(ExtensibilityGlobals) = postSolution
		SolutionGuid = {ACEBE526-865D-4910-8F55-CEBC87C3650A}
	EndGlobalSection
EndGlobal
